
Microsoft Visual Studio Solution File, Format Version 12.00
# Visual Studio Version 17
VisualStudioVersion = 17.3.32929.385
MinimumVisualStudioVersion = 10.0.40219.1
Project("{FAE04EC0-301F-11D3-BF4B-00C04F79EFBC}") = "Costumer RelationShip Management", "Costumer RelationShip Management.csproj", "{8FAFBA79-B2C7-4514-B117-A9783B5E8B3C}"
EndProject
Global
	GlobalSection(SolutionConfigurationPlatforms) = preSolution
		Debug|Any CPU = Debug|Any CPU
		Release|Any CPU = Release|Any CPU
	EndGlobalSection
	GlobalSection(ProjectConfigurationPlatforms) = postSolution
		{8FAFBA79-B2C7-4514-B117-A9783B5E8B3C}.Debug|Any CPU.ActiveCfg = Debug|Any CPU
		{8FAFBA79-B2C7-4514-B117-A9783B5E8B3C}.Debug|Any CPU.Build.0 = Debug|Any CPU
		{8FAFBA79-B2C7-4514-B117-A9783B5E8B3C}.Release|Any CPU.ActiveCfg = Release|Any CPU
		{8FAFBA79-B2C7-4514-B117-A9783B5E8B3C}.Release|Any CPU.Build.0 = Release|Any CPU
	EndGlobalSection
	GlobalSection(SolutionProperties) = preSolution
		HideSolutionNode = FALSE
	EndGlobalSection
	GlobalSection(ExtensibilityGlobals) = postSolution
		SolutionGuid = {159AEF66-0DAC-421D-8324-7C53C659B483}
	EndGlobalSection
EndGlobal
